
Microsoft Visual Studio Solution File, Format Version 12.00
# Visual Studio 15
Project("{FAE04EC0-301F-11D3-BF4B-00C04F79EFBC}") = "DesignPatterns", "DesignPatterns.csproj", "{2FC4763B-038F-44C4-B1BD-7EB48E69BA7F}"
EndProject
Global
	GlobalSection(SolutionConfigurationPlatforms) = preSolution
		Debug|Any CPU = Debug|Any CPU
		Release|Any CPU = Release|Any CPU
	EndGlobalSection
	GlobalSection(ProjectConfigurationPlatforms) = postSolution
		{2FC4763B-038F-44C4-B1BD-7EB48E69BA7F}.Debug|Any CPU.ActiveCfg = Debug|Any CPU
		{2FC4763B-038F-44C4-B1BD-7EB48E69BA7F}.Debug|Any CPU.Build.0 = Debug|Any CPU
		{2FC4763B-038F-44C4-B1BD-7EB48E69BA7F}.Release|Any CPU.ActiveCfg = Release|Any CPU
		{2FC4763B-038F-44C4-B1BD-7EB48E69BA7F}.Release|Any CPU.Build.0 = Release|Any CPU
	EndGlobalSection
EndGlobal
